
Microsoft Visual Studio Solution File, Format Version 12.00
# Visual Studio Version 17
VisualStudioVersion = 17.7.34031.279
MinimumVisualStudioVersion = 10.0.40219.1
Project("{9A19103F-16F7-4668-BE54-9A1E7A4F7556}") = "UserMaintenance", "UserMaintenance\UserMaintenance.csproj", "{EBCE6F4D-9DEA-4D3D-BE0C-4152A25E994F}"
EndProject
Project("{FAE04EC0-301F-11D3-BF4B-00C04F79EFBC}") = "InventoryManager", "InventoryManager\InventoryManager.csproj", "{BD486476-457F-44BE-AA3F-DFC169C7F2A3}"
EndProject
Global
	GlobalSection(SolutionConfigurationPlatforms) = preSolution
		Debug|Any CPU = Debug|Any CPU
		Release|Any CPU = Release|Any CPU
	EndGlobalSection
	GlobalSection(ProjectConfigurationPlatforms) = postSolution
		{EBCE6F4D-9DEA-4D3D-BE0C-4152A25E994F}.Debug|Any CPU.ActiveCfg = Debug|Any CPU
		{EBCE6F4D-9DEA-4D3D-BE0C-4152A25E994F}.Debug|Any CPU.Build.0 = Debug|Any CPU
		{EBCE6F4D-9DEA-4D3D-BE0C-4152A25E994F}.Release|Any CPU.ActiveCfg = Release|Any CPU
		{EBCE6F4D-9DEA-4D3D-BE0C-4152A25E994F}.Release|Any CPU.Build.0 = Release|Any CPU
		{BD486476-457F-44BE-AA3F-DFC169C7F2A3}.Debug|Any CPU.ActiveCfg = Debug|Any CPU
		{BD486476-457F-44BE-AA3F-DFC169C7F2A3}.Debug|Any CPU.Build.0 = Debug|Any CPU
		{BD486476-457F-44BE-AA3F-DFC169C7F2A3}.Release|Any CPU.ActiveCfg = Release|Any CPU
		{BD486476-457F-44BE-AA3F-DFC169C7F2A3}.Release|Any CPU.Build.0 = Release|Any CPU
	EndGlobalSection
	GlobalSection(SolutionProperties) = preSolution
		HideSolutionNode = FALSE
	EndGlobalSection
	GlobalSection(ExtensibilityGlobals) = postSolution
		SolutionGuid = {B7A833BC-500E-44CD-80D3-81843DB738A9}
	EndGlobalSection
EndGlobal
